
Microsoft Visual Studio Solution File, Format Version 12.00
# Visual Studio Version 17
VisualStudioVersion = 17.1.32319.34
MinimumVisualStudioVersion = 10.0.40219.1
Project("{9A19103F-16F7-4668-BE54-9A1E7A4F7556}") = "Clase04", "Clase04\Clase04.csproj", "{7D58DB14-4A30-4996-B224-5FF631544817}"
EndProject
Project("{9A19103F-16F7-4668-BE54-9A1E7A4F7556}") = "Entidades", "Entidades\Entidades.csproj", "{3E8EE397-8BEC-4E86-A639-A69D6D5BC703}"
EndProject
Project("{9A19103F-16F7-4668-BE54-9A1E7A4F7556}") = "EjercicioI01", "EjercicioI01\EjercicioI01.csproj", "{58D95BC7-7BFD-4FBE-AE0A-48870EA2DF42}"
EndProject
Project("{FAE04EC0-301F-11D3-BF4B-00C04F79EFBC}") = "EjercicioI02", "EjercicioI02\EjercicioI02.csproj", "{9D8FCAA1-699F-447F-8F52-FEA277D5404C}"
EndProject
Global
	GlobalSection(SolutionConfigurationPlatforms) = preSolution
		Debug|Any CPU = Debug|Any CPU
		Release|Any CPU = Release|Any CPU
	EndGlobalSection
	GlobalSection(ProjectConfigurationPlatforms) = postSolution
		{7D58DB14-4A30-4996-B224-5FF631544817}.Debug|Any CPU.ActiveCfg = Debug|Any CPU
		{7D58DB14-4A30-4996-B224-5FF631544817}.Debug|Any CPU.Build.0 = Debug|Any CPU
		{7D58DB14-4A30-4996-B224-5FF631544817}.Release|Any CPU.ActiveCfg = Release|Any CPU
		{7D58DB14-4A30-4996-B224-5FF631544817}.Release|Any CPU.Build.0 = Release|Any CPU
		{3E8EE397-8BEC-4E86-A639-A69D6D5BC703}.Debug|Any CPU.ActiveCfg = Debug|Any CPU
		{3E8EE397-8BEC-4E86-A639-A69D6D5BC703}.Debug|Any CPU.Build.0 = Debug|Any CPU
		{3E8EE397-8BEC-4E86-A639-A69D6D5BC703}.Release|Any CPU.ActiveCfg = Release|Any CPU
		{3E8EE397-8BEC-4E86-A639-A69D6D5BC703}.Release|Any CPU.Build.0 = Release|Any CPU
		{58D95BC7-7BFD-4FBE-AE0A-48870EA2DF42}.Debug|Any CPU.ActiveCfg = Debug|Any CPU
		{58D95BC7-7BFD-4FBE-AE0A-48870EA2DF42}.Debug|Any CPU.Build.0 = Debug|Any CPU
		{58D95BC7-7BFD-4FBE-AE0A-48870EA2DF42}.Release|Any CPU.ActiveCfg = Release|Any CPU
		{58D95BC7-7BFD-4FBE-AE0A-48870EA2DF42}.Release|Any CPU.Build.0 = Release|Any CPU
		{9D8FCAA1-699F-447F-8F52-FEA277D5404C}.Debug|Any CPU.ActiveCfg = Debug|Any CPU
		{9D8FCAA1-699F-447F-8F52-FEA277D5404C}.Debug|Any CPU.Build.0 = Debug|Any CPU
		{9D8FCAA1-699F-447F-8F52-FEA277D5404C}.Release|Any CPU.ActiveCfg = Release|Any CPU
		{9D8FCAA1-699F-447F-8F52-FEA277D5404C}.Release|Any CPU.Build.0 = Release|Any CPU
	EndGlobalSection
	GlobalSection(SolutionProperties) = preSolution
		HideSolutionNode = FALSE
	EndGlobalSection
	GlobalSection(ExtensibilityGlobals) = postSolution
		SolutionGuid = {EAB308FD-3653-478D-BB35-504B364BDCF4}
	EndGlobalSection
EndGlobal
