
Microsoft Visual Studio Solution File, Format Version 12.00
# Visual Studio Version 17
VisualStudioVersion = 17.1.32319.34
MinimumVisualStudioVersion = 10.0.40219.1
Project("{9A19103F-16F7-4668-BE54-9A1E7A4F7556}") = "Aplicacion_01", "Aplicacion_01\Aplicacion_01.csproj", "{5DC8CF30-2ABA-4041-825F-322FD86739E6}"
EndProject
Project("{9A19103F-16F7-4668-BE54-9A1E7A4F7556}") = "Aplicacion_02", "Aplicacion_02\Aplicacion_02.csproj", "{8F1375C6-9B63-4AD7-9ACA-D3584056A815}"
EndProject
Project("{9A19103F-16F7-4668-BE54-9A1E7A4F7556}") = "Aplicacion_03", "Aplicacion_03\Aplicacion_03.csproj", "{DCA2F595-2833-4BE9-BBB1-BA6423C51B08}"
EndProject
Project("{9A19103F-16F7-4668-BE54-9A1E7A4F7556}") = "EjercicioI01", "EjercicioI01\EjercicioI01.csproj", "{61C0FBDE-ECE8-45A7-A6F1-955A051C93C9}"
EndProject
Project("{9A19103F-16F7-4668-BE54-9A1E7A4F7556}") = "EjercicioI02", "EjercicioI02\EjercicioI02.csproj", "{54D729D7-01E1-4D48-B5BA-EE9DA324B925}"
EndProject
Project("{FAE04EC0-301F-11D3-BF4B-00C04F79EFBC}") = "EjercicioI04", "EjercicioI04\EjercicioI04.csproj", "{E636E644-1502-48BA-93F9-AB5468A7FBD1}"
EndProject
Project("{FAE04EC0-301F-11D3-BF4B-00C04F79EFBC}") = "EjercicioI05", "EjercicioI05\EjercicioI05.csproj", "{200A3C19-40A4-460C-A978-C9229D040CC2}"
EndProject
Project("{FAE04EC0-301F-11D3-BF4B-00C04F79EFBC}") = "EjercicioI06", "EjercicioI06\EjercicioI06.csproj", "{FDD20A8D-E2E2-4CF9-B365-95AC589B65E1}"
EndProject
Global
	GlobalSection(SolutionConfigurationPlatforms) = preSolution
		Debug|Any CPU = Debug|Any CPU
		Release|Any CPU = Release|Any CPU
	EndGlobalSection
	GlobalSection(ProjectConfigurationPlatforms) = postSolution
		{5DC8CF30-2ABA-4041-825F-322FD86739E6}.Debug|Any CPU.ActiveCfg = Debug|Any CPU
		{5DC8CF30-2ABA-4041-825F-322FD86739E6}.Debug|Any CPU.Build.0 = Debug|Any CPU
		{5DC8CF30-2ABA-4041-825F-322FD86739E6}.Release|Any CPU.ActiveCfg = Release|Any CPU
		{5DC8CF30-2ABA-4041-825F-322FD86739E6}.Release|Any CPU.Build.0 = Release|Any CPU
		{8F1375C6-9B63-4AD7-9ACA-D3584056A815}.Debug|Any CPU.ActiveCfg = Debug|Any CPU
		{8F1375C6-9B63-4AD7-9ACA-D3584056A815}.Debug|Any CPU.Build.0 = Debug|Any CPU
		{8F1375C6-9B63-4AD7-9ACA-D3584056A815}.Release|Any CPU.ActiveCfg = Release|Any CPU
		{8F1375C6-9B63-4AD7-9ACA-D3584056A815}.Release|Any CPU.Build.0 = Release|Any CPU
		{DCA2F595-2833-4BE9-BBB1-BA6423C51B08}.Debug|Any CPU.ActiveCfg = Debug|Any CPU
		{DCA2F595-2833-4BE9-BBB1-BA6423C51B08}.Debug|Any CPU.Build.0 = Debug|Any CPU
		{DCA2F595-2833-4BE9-BBB1-BA6423C51B08}.Release|Any CPU.ActiveCfg = Release|Any CPU
		{DCA2F595-2833-4BE9-BBB1-BA6423C51B08}.Release|Any CPU.Build.0 = Release|Any CPU
		{61C0FBDE-ECE8-45A7-A6F1-955A051C93C9}.Debug|Any CPU.ActiveCfg = Debug|Any CPU
		{61C0FBDE-ECE8-45A7-A6F1-955A051C93C9}.Debug|Any CPU.Build.0 = Debug|Any CPU
		{61C0FBDE-ECE8-45A7-A6F1-955A051C93C9}.Release|Any CPU.ActiveCfg = Release|Any CPU
		{61C0FBDE-ECE8-45A7-A6F1-955A051C93C9}.Release|Any CPU.Build.0 = Release|Any CPU
		{54D729D7-01E1-4D48-B5BA-EE9DA324B925}.Debug|Any CPU.ActiveCfg = Debug|Any CPU
		{54D729D7-01E1-4D48-B5BA-EE9DA324B925}.Debug|Any CPU.Build.0 = Debug|Any CPU
		{54D729D7-01E1-4D48-B5BA-EE9DA324B925}.Release|Any CPU.ActiveCfg = Release|Any CPU
		{54D729D7-01E1-4D48-B5BA-EE9DA324B925}.Release|Any CPU.Build.0 = Release|Any CPU
		{E636E644-1502-48BA-93F9-AB5468A7FBD1}.Debug|Any CPU.ActiveCfg = Debug|Any CPU
		{E636E644-1502-48BA-93F9-AB5468A7FBD1}.Debug|Any CPU.Build.0 = Debug|Any CPU
		{E636E644-1502-48BA-93F9-AB5468A7FBD1}.Release|Any CPU.ActiveCfg = Release|Any CPU
		{E636E644-1502-48BA-93F9-AB5468A7FBD1}.Release|Any CPU.Build.0 = Release|Any CPU
		{200A3C19-40A4-460C-A978-C9229D040CC2}.Debug|Any CPU.ActiveCfg = Debug|Any CPU
		{200A3C19-40A4-460C-A978-C9229D040CC2}.Debug|Any CPU.Build.0 = Debug|Any CPU
		{200A3C19-40A4-460C-A978-C9229D040CC2}.Release|Any CPU.ActiveCfg = Release|Any CPU
		{200A3C19-40A4-460C-A978-C9229D040CC2}.Release|Any CPU.Build.0 = Release|Any CPU
		{FDD20A8D-E2E2-4CF9-B365-95AC589B65E1}.Debug|Any CPU.ActiveCfg = Debug|Any CPU
		{FDD20A8D-E2E2-4CF9-B365-95AC589B65E1}.Debug|Any CPU.Build.0 = Debug|Any CPU
		{FDD20A8D-E2E2-4CF9-B365-95AC589B65E1}.Release|Any CPU.ActiveCfg = Release|Any CPU
		{FDD20A8D-E2E2-4CF9-B365-95AC589B65E1}.Release|Any CPU.Build.0 = Release|Any CPU
	EndGlobalSection
	GlobalSection(SolutionProperties) = preSolution
		HideSolutionNode = FALSE
	EndGlobalSection
	GlobalSection(ExtensibilityGlobals) = postSolution
		SolutionGuid = {AE4D7163-0DD8-47F5-B333-CF60203DD219}
	EndGlobalSection
EndGlobal
