
Microsoft Visual Studio Solution File, Format Version 12.00
# Visual Studio Version 17
VisualStudioVersion = 17.1.32228.430
MinimumVisualStudioVersion = 10.0.40219.1
Project("{9A19103F-16F7-4668-BE54-9A1E7A4F7556}") = "Presentacion", "Presentacion\Presentacion.csproj", "{89B04CAE-B6E4-4043-8A4C-3FE9696560E9}"
EndProject
Project("{9A19103F-16F7-4668-BE54-9A1E7A4F7556}") = "EjercicioI01", "EjercicioI01\EjercicioI01.csproj", "{400B1F54-B722-4772-B6B8-7FD3DB13F28F}"
EndProject
Project("{9A19103F-16F7-4668-BE54-9A1E7A4F7556}") = "Ejercicio I02", "Ejercicio I02\Ejercicio I02.csproj", "{54245E72-4EF1-47CA-972D-BF553300A86D}"
EndProject
Project("{9A19103F-16F7-4668-BE54-9A1E7A4F7556}") = "EjercicioI03", "EjercicioI03\EjercicioI03.csproj", "{C165A078-ECA8-4902-9A10-C90D4F52FDD8}"
EndProject
Project("{FAE04EC0-301F-11D3-BF4B-00C04F79EFBC}") = "EjercicioI04", "EjercicioI04\EjercicioI04.csproj", "{4067B7EF-592A-4B04-B2B6-D91C6381B405}"
EndProject
Global
	GlobalSection(SolutionConfigurationPlatforms) = preSolution
		Debug|Any CPU = Debug|Any CPU
		Release|Any CPU = Release|Any CPU
	EndGlobalSection
	GlobalSection(ProjectConfigurationPlatforms) = postSolution
		{89B04CAE-B6E4-4043-8A4C-3FE9696560E9}.Debug|Any CPU.ActiveCfg = Debug|Any CPU
		{89B04CAE-B6E4-4043-8A4C-3FE9696560E9}.Debug|Any CPU.Build.0 = Debug|Any CPU
		{89B04CAE-B6E4-4043-8A4C-3FE9696560E9}.Release|Any CPU.ActiveCfg = Release|Any CPU
		{89B04CAE-B6E4-4043-8A4C-3FE9696560E9}.Release|Any CPU.Build.0 = Release|Any CPU
		{400B1F54-B722-4772-B6B8-7FD3DB13F28F}.Debug|Any CPU.ActiveCfg = Debug|Any CPU
		{400B1F54-B722-4772-B6B8-7FD3DB13F28F}.Debug|Any CPU.Build.0 = Debug|Any CPU
		{400B1F54-B722-4772-B6B8-7FD3DB13F28F}.Release|Any CPU.ActiveCfg = Release|Any CPU
		{400B1F54-B722-4772-B6B8-7FD3DB13F28F}.Release|Any CPU.Build.0 = Release|Any CPU
		{54245E72-4EF1-47CA-972D-BF553300A86D}.Debug|Any CPU.ActiveCfg = Debug|Any CPU
		{54245E72-4EF1-47CA-972D-BF553300A86D}.Debug|Any CPU.Build.0 = Debug|Any CPU
		{54245E72-4EF1-47CA-972D-BF553300A86D}.Release|Any CPU.ActiveCfg = Release|Any CPU
		{54245E72-4EF1-47CA-972D-BF553300A86D}.Release|Any CPU.Build.0 = Release|Any CPU
		{C165A078-ECA8-4902-9A10-C90D4F52FDD8}.Debug|Any CPU.ActiveCfg = Debug|Any CPU
		{C165A078-ECA8-4902-9A10-C90D4F52FDD8}.Debug|Any CPU.Build.0 = Debug|Any CPU
		{C165A078-ECA8-4902-9A10-C90D4F52FDD8}.Release|Any CPU.ActiveCfg = Release|Any CPU
		{C165A078-ECA8-4902-9A10-C90D4F52FDD8}.Release|Any CPU.Build.0 = Release|Any CPU
		{4067B7EF-592A-4B04-B2B6-D91C6381B405}.Debug|Any CPU.ActiveCfg = Debug|Any CPU
		{4067B7EF-592A-4B04-B2B6-D91C6381B405}.Debug|Any CPU.Build.0 = Debug|Any CPU
		{4067B7EF-592A-4B04-B2B6-D91C6381B405}.Release|Any CPU.ActiveCfg = Release|Any CPU
		{4067B7EF-592A-4B04-B2B6-D91C6381B405}.Release|Any CPU.Build.0 = Release|Any CPU
	EndGlobalSection
	GlobalSection(SolutionProperties) = preSolution
		HideSolutionNode = FALSE
	EndGlobalSection
	GlobalSection(ExtensibilityGlobals) = postSolution
		SolutionGuid = {1E920289-66CD-475A-88DC-AF03F5E7BF2D}
	EndGlobalSection
EndGlobal
