
Microsoft Visual Studio Solution File, Format Version 12.00
# Visual Studio Version 17
VisualStudioVersion = 17.1.32319.34
MinimumVisualStudioVersion = 10.0.40219.1
Project("{FAE04EC0-301F-11D3-BF4B-00C04F79EFBC}") = "UI", "UI\UI.csproj", "{F2475140-BCBB-4D48-A7A4-CA6551081DDB}"
EndProject
Project("{FAE04EC0-301F-11D3-BF4B-00C04F79EFBC}") = "Logica", "Logica\Logica.csproj", "{712FB9EA-9CD7-4D30-B479-B803769758C2}"
EndProject
Global
	GlobalSection(SolutionConfigurationPlatforms) = preSolution
		Debug|Any CPU = Debug|Any CPU
		Release|Any CPU = Release|Any CPU
	EndGlobalSection
	GlobalSection(ProjectConfigurationPlatforms) = postSolution
		{F2475140-BCBB-4D48-A7A4-CA6551081DDB}.Debug|Any CPU.ActiveCfg = Debug|Any CPU
		{F2475140-BCBB-4D48-A7A4-CA6551081DDB}.Debug|Any CPU.Build.0 = Debug|Any CPU
		{F2475140-BCBB-4D48-A7A4-CA6551081DDB}.Release|Any CPU.ActiveCfg = Release|Any CPU
		{F2475140-BCBB-4D48-A7A4-CA6551081DDB}.Release|Any CPU.Build.0 = Release|Any CPU
		{712FB9EA-9CD7-4D30-B479-B803769758C2}.Debug|Any CPU.ActiveCfg = Debug|Any CPU
		{712FB9EA-9CD7-4D30-B479-B803769758C2}.Debug|Any CPU.Build.0 = Debug|Any CPU
		{712FB9EA-9CD7-4D30-B479-B803769758C2}.Release|Any CPU.ActiveCfg = Release|Any CPU
		{712FB9EA-9CD7-4D30-B479-B803769758C2}.Release|Any CPU.Build.0 = Release|Any CPU
	EndGlobalSection
	GlobalSection(SolutionProperties) = preSolution
		HideSolutionNode = FALSE
	EndGlobalSection
	GlobalSection(ExtensibilityGlobals) = postSolution
		SolutionGuid = {0F409270-6990-434E-B310-0CA243A90271}
	EndGlobalSection
EndGlobal
